{
  "name": "test",
  "version": "1.0.0",
  "lockfileVersion": 3,
  "requires": true,
  "packages": {
    "": {
      "name": "test",
      "version": "1.0.0",
      "license": "ISC",
      "dependencies": {
        "project": "file:../project"
      }
    },
    "../project": {
      "version": "1.0.0",
      "license": "MIT"
    },
    "../project_ctejorp": {
      "name": "project--tcejorp-",
      "version": "1.0.0",
      "extraneous": true,
      "license": "MIT"
    },
    "node_modules/project": {
      "resolved": "../project",
      "link": true
    }
  }
}
